lockfileVersion: 5.4

specifiers:
  '@theguild/prettier-config': 3.0.1

dependencies:
  '@theguild/prettier-config': 3.0.1

packages:

  /@babel/code-frame/7.29.7:
    resolution: {integrity: sha512-Aup7aUOfpbAUg2ROOJN6Iw5f9DMBlzu0mIkm/malLQFN/YQgO48wCj0Kxa3sEHJvPVFg7siR+qRInwXd2qhQKw==}
    engines: {node: '>=6.9.0'}
    dependencies:
      '@babel/helper-validator-identifier': 7.29.7
      js-tokens: 4.0.0
      picocolors: 1.1.1
    dev: false

  /@babel/generator/7.29.8:
    resolution: {integrity: sha512-gZbepsdh3WDtgZKWL+vTPh71LSBrm/Y4/QDZBVCcYfmeTEEuoOYwlSy+G1StfJg+/Zy550u/3TATbm7qDbbMtg==}
    engines: {node: '>=6.9.0'}
    dependencies:
      '@babel/parser': 7.29.8
      '@babel/types': 7.29.8
      '@jridgewell/gen-mapping': 0.3.13
      '@jridgewell/trace-mapping': 0.3.31
      jsesc: 3.1.0
    dev: false

  /@babel/helper-globals/7.29.7:
    resolution: {integrity: sha512-3nQVUAtvkKH9zahfWgw96Jc/uFOmjACE1kQz82E2lqWmHBgjzbNlsC22nuQTfahmWeQtTq5nQ/4Nnd2A1wj4zA==}
    engines: {node: '>=6.9.0'}
    dev: false

  /@babel/helper-string-parser/7.29.7:
    resolution: {integrity: sha512-Pb5ijPrZ89GDH8223L4UP8i6QApWxs04RbPQJTeWDV0/keR2E36MeKnyr6LYmUUvqRRI+Iv87SuF1W6ErINzYw==}
    engines: {node: '>=6.9.0'}
    dev: false

  /@babel/helper-validator-identifier/7.29.7:
    resolution: {integrity: sha512-qehxGkRj55h/ff8EMaJ+cYhyaKlHIxqYDn682wQD7RNp9UujOQsHog2uS0r2vzr4pW+sXf90NeeayjcNaX3fFg==}
    engines: {node: '>=6.9.0'}
    dev: false

  /@babel/parser/7.29.8:
    resolution: {integrity: sha512-E8lTAYNB1KW+FH+VGJuZM1ioAx2E6oVlvQFRrf5P8ZZmsiJXYAD9vTFV7yyEURNzgh1dFqMZuO6tUwcARbqFCA==}
    engines: {node: '>=6.0.0'}
    hasBin: true
    dependencies:
      '@babel/types': 7.29.8
    dev: false

  /@babel/template/7.29.7:
    resolution: {integrity: sha512-puq+Gf35oI24FeN11LkoUQFqv9uwNeWpxXZi/Ji3rRIoKAzKnxRaZ+Gkj0vKS9ZCiTESfng1N9LyOyXvo+m+Gg==}
    engines: {node: '>=6.9.0'}
    dependencies:
      '@babel/code-frame': 7.29.7
      '@babel/parser': 7.29.8
      '@babel/types': 7.29.8
    dev: false

  /@babel/traverse/7.29.8:
    resolution: {integrity: sha512-I5z7H3bf/41ktsNVLtpN0wAa336HkqIHQ5BuPLEhTkt1jVSyZpeNKIzTgEWmlxjdg81R0IgUCcaE+Ok3NvrfZg==}
    engines: {node: '>=6.9.0'}
    dependencies:
      '@babel/code-frame': 7.29.7
      '@babel/generator': 7.29.8
      '@babel/helper-globals': 7.29.7
      '@babel/parser': 7.29.8
      '@babel/template': 7.29.7
      '@babel/types': 7.29.8
      debug: 4.3.4
    transitivePeerDependencies:
      - supports-color
    dev: false

  /@babel/types/7.29.8:
    resolution: {integrity: sha512-Vj1jF3cPfxg7OAfoI7QnVKLoILlm2JF9pnVHrX8qx7AHMiYWT+NDAA7jChlNgRS4WTLc/fD1lXLmPixluj+3Gg==}
    engines: {node: '>=6.9.0'}
    dependencies:
      '@babel/helper-string-parser': 7.29.7
      '@babel/helper-validator-identifier': 7.29.7
    dev: false

  /@ianvs/prettier-plugin-sort-imports/4.4.1:
    resolution: {integrity: sha512-F0/Hrcfpy8WuxlQyAWJTEren/uxKhYonOGY4OyWmwRdeTvkh9mMSCxowZLjNkhwi/2ipqCgtXwwOk7tW0mWXkA==}
    peerDependencies:
      '@vue/compiler-sfc': 2.7.x || 3.x
      prettier: 2 || 3
    peerDependenciesMeta:
      '@vue/compiler-sfc':
        optional: true
    dependencies:
      '@babel/generator': 7.29.8
      '@babel/parser': 7.29.8
      '@babel/traverse': 7.29.8
      '@babel/types': 7.29.8
      semver: 7.8.5
    transitivePeerDependencies:
      - supports-color
    dev: false

  /@jridgewell/gen-mapping/0.3.13:
    resolution: {integrity: sha512-2kkt/7niJ6MgEPxF0bYdQ6etZaA+fQvDcLKckhy1yIQOzaoKjBBjSj63/aLVjYE3qhRt5dvM+uUyfCg6UKCBbA==}
    dependencies:
      '@jridgewell/sourcemap-codec': 1.6.0
      '@jridgewell/trace-mapping': 0.3.31
    dev: false

  /@jridgewell/resolve-uri/3.1.0:
    resolution: {integrity: sha512-F2msla3tad+Mfht5cJq7LSXcdudKTWCVYUgw6pLFOOHSTtZlj6SWNYAp+AhuqLmWdBO2X5hPrLcu8cVP8fy28w==}
    engines: {node: '>=6.0.0'}
    dev: false

  /@jridgewell/sourcemap-codec/1.4.14:
    resolution: {integrity: sha512-XPSJHWmi394fuUuzDnGz1wiKqWfo1yXecHQMRf2l6hztTO+nPru658AyDngaBe7isIxEkRsPR3FZh+s7iVa4Uw==}
    dev: false

  /@jridgewell/sourcemap-codec/1.6.0:
    resolution: {integrity: sha512-T7jf+5zgsZHwNJ4lvQ7/aezbyk0nNX+zJVWpmHA7VYsEx7a7qr5Rg5IbtJFqkgze5Y2sruq1RUY8Q837Od7iFw==}
    dev: false

  /@jridgewell/trace-mapping/0.3.31:
    resolution: {integrity: sha512-zzNR+SdQSDJzc8joaeP8QQoCQr8NuYx2dIIytl1QeBEZHJ9uW6hebsrYgbz8hJwUQao3TWCMtmfV8Nu1twOLAw==}
    dependencies:
      '@jridgewell/resolve-uri': 3.1.0
      '@jridgewell/sourcemap-codec': 1.4.14
    dev: false

  /@theguild/prettier-config/3.0.1:
    resolution: {integrity: sha512-qSSAHGwIg2cCIyXim5MUe/Icw+DmGEqZz1TtGR55ayZc2BtXme/hV8J068lx19dzJvodDJgYSyWw7Jsu4F05OA==}
    peerDependencies:
      prettier: ^3
    dependencies:
      '@ianvs/prettier-plugin-sort-imports': 4.4.1
      prettier-plugin-pkg: 0.18.1
      prettier-plugin-sh: 0.15.0
    transitivePeerDependencies:
      - '@vue/compiler-sfc'
      - supports-color
    dev: false

  /debug/4.3.4:
    resolution: {integrity: sha512-PRWFHuSU3eDtQJPvnNY7Jcket1j0t5OuOsFzPPzsekD52Zl8qUfFIPEiswXqIvHWGVHOgX+7G/vCNNhehwxfkQ==}
    engines: {node: '>=6.0'}
    peerDependencies:
      supports-color: '*'
    peerDependenciesMeta:
      supports-color:
        optional: true
    dependencies:
      ms: 2.1.2
    dev: false

  /js-tokens/4.0.0:
    resolution: {integrity: sha512-RdJUflcE3cUzKiMqQgsCu06FPu9UdIJO0beYbPhHN4k6apgJtifcoCtT9bcxOpYBtpD2kCM6Sbzg4CausW/PKQ==}
    dev: false

  /jsesc/3.1.0:
    resolution: {integrity: sha512-/sM3dO2FOzXjKQhJuo0Q173wf2KOo8t4I8vHy6lF9poUp7bKT0/NHE8fPX23PwfhnykfqnC2xRxOnVw5XuGIaA==}
    engines: {node: '>=6'}
    hasBin: true
    dev: false

  /ms/2.1.2:
    resolution: {integrity: sha512-sGkPx+VjMtmA6MX27oA4FBFELFCZZ4S4XqeGOXCv68tT+jb3vk/RyaKWP0PTKyWtmLSM0b+adUTEvbs1PEaH2w==}
    dev: false

  /mvdan-sh/0.10.1:
    resolution: {integrity: sha512-kMbrH0EObaKmK3nVRKUIIya1dpASHIEusM13S4V1ViHFuxuNxCo+arxoa6j/dbV22YBGjl7UKJm9QQKJ2Crzhg==}
    deprecated: See https://github.com/mvdan/sh/issues/1145
    dev: false

  /picocolors/1.1.1:
    resolution: {integrity: sha512-xceH2snhtb5M9liqDsmEw56le376mTZkEX/jEb/RxNFyegNul7eNslCXP9FDj/Lcu0X8KEyMceP2ntpaHrDEVA==}
    dev: false

  /prettier-plugin-pkg/0.18.1:
    resolution: {integrity: sha512-FuUxvsYZR/8rsLH8s/jbPQmgYvv0yxW8LoIHCy6+Q7p4FBjjdP3DNKx8fMTOsc0SlEB1skB4o1LcahRceIh87A==}
    engines: {node: ^14.18.0 || >=16.0.0}
    peerDependencies:
      prettier: ^3.0.3
    dev: false

  /prettier-plugin-sh/0.15.0:
    resolution: {integrity: sha512-U0PikJr/yr2bzzARl43qI0mApBj0C1xdAfA04AZa6LnvIKawXHhuy2fFo6LNA7weRzGlAiNbaEFfKMFo0nZr/A==}
    engines: {node: '>=16.0.0'}
    peerDependencies:
      prettier: ^3.0.3
    dependencies:
      mvdan-sh: 0.10.1
      sh-syntax: 0.4.2
    dev: false

  /semver/7.8.5:
    resolution: {integrity: sha512-Y7/KDsb8LjooZpwaqGyulO6DQlksgCncchHGk+sZIY4SBvUocMBEFH5Ur1fI4dV+Jvl0w6cjvucaIi40puRioA==}
    engines: {node: '>=10'}
    hasBin: true
    dev: false

  /sh-syntax/0.4.2:
    resolution: {integrity: sha512-/l2UZ5fhGZLVZa16XQM9/Vq/hezGGbdHeVEA01uWjOL1+7Ek/gt6FquW0iKKws4a9AYPYvlz6RyVvjh3JxOteg==}
    engines: {node: '>=16.0.0'}
    dependencies:
      tslib: 2.8.1
    dev: false

  /tslib/2.8.1:
    resolution: {integrity: sha512-oJFu94HQb+KVduSUQL7wnpmqnfmLsOA/nAh6b6EH0wCEoK0/mPeXU6c3wKDV83MkOuHPRHtSXKKU99IBazS/2w==}
    dev: false
